
Microsoft Visual Studio Solution File, Format Version 12.00
# Visual Studio Version 17
VisualStudioVersion = 17.14.36109.1 d17.14
MinimumVisualStudioVersion = 10.0.40219.1
Project("{FAE04EC0-301F-11D3-BF4B-00C04F79EFBC}") = "FurnitureShop.API", "FurnitureWebApp.API\FurnitureShop.API.csproj", "{1C2CD09A-C391-4F12-A6DB-0B169A30F395}"
EndProject
Project("{2150E333-8FDC-42A3-9474-1A3956D46DE8}") = "Core", "Core", "{02EA681E-C7D8-13C7-8484-4AC65E1B71E8}"
EndProject
Project("{2150E333-8FDC-42A3-9474-1A3956D46DE8}") = "Infrastructure", "Infrastructure", "{64F9E48C-46D2-452C-9A63-C66E489EC7B6}"
EndProject
Project("{2150E333-8FDC-42A3-9474-1A3956D46DE8}") = "Presentation", "Presentation", "{D65ED5E0-793F-4A5E-AE94-451DAD00D21C}"
EndProject
Project("{FAE04EC0-301F-11D3-BF4B-00C04F79EFBC}") = "FurnitureShop.Domain", "FurnitureShop.Domain\FurnitureShop.Domain.csproj", "{8D539FE6-6D38-448D-8479-4D2A8911AEA1}"
EndProject
Project("{FAE04EC0-301F-11D3-BF4B-00C04F79EFBC}") = "FurnitureShop.Application", "FurnitureShop.Application\FurnitureShop.Application.csproj", "{9AD8BE3A-E121-48AB-9D53-31C54F8EEBF8}"
EndProject
Project("{FAE04EC0-301F-11D3-BF4B-00C04F79EFBC}") = "FurnitureShop.Infrastructure", "..\FurnitureShop\Infrastructure\FurnitureShop.Infrastructure\FurnitureShop.Infrastructure.csproj", "{6660B1C4-5DD3-4414-8059-E2A9BC35B20A}"
EndProject
Project("{FAE04EC0-301F-11D3-BF4B-00C04F79EFBC}") = "Infrastructure.Persistence", "..\FurnitureShop\Infrastructure.Persistence\Infrastructure.Persistence.csproj", "{74B3CB24-FA86-43E5-A38D-9D668B716E8C}"
EndProject
Global
	GlobalSection(SolutionConfigurationPlatforms) = preSolution
		Debug|Any CPU = Debug|Any CPU
		Release|Any CPU = Release|Any CPU
	EndGlobalSection
	GlobalSection(ProjectConfigurationPlatforms) = postSolution
		{1C2CD09A-C391-4F12-A6DB-0B169A30F395}.Debug|Any CPU.ActiveCfg = Debug|Any CPU
		{1C2CD09A-C391-4F12-A6DB-0B169A30F395}.Debug|Any CPU.Build.0 = Debug|Any CPU
		{1C2CD09A-C391-4F12-A6DB-0B169A30F395}.Release|Any CPU.ActiveCfg = Release|Any CPU
		{1C2CD09A-C391-4F12-A6DB-0B169A30F395}.Release|Any CPU.Build.0 = Release|Any CPU
		{8D539FE6-6D38-448D-8479-4D2A8911AEA1}.Debug|Any CPU.ActiveCfg = Debug|Any CPU
		{8D539FE6-6D38-448D-8479-4D2A8911AEA1}.Debug|Any CPU.Build.0 = Debug|Any CPU
		{8D539FE6-6D38-448D-8479-4D2A8911AEA1}.Release|Any CPU.ActiveCfg = Release|Any CPU
		{8D539FE6-6D38-448D-8479-4D2A8911AEA1}.Release|Any CPU.Build.0 = Release|Any CPU
		{9AD8BE3A-E121-48AB-9D53-31C54F8EEBF8}.Debug|Any CPU.ActiveCfg = Debug|Any CPU
		{9AD8BE3A-E121-48AB-9D53-31C54F8EEBF8}.Debug|Any CPU.Build.0 = Debug|Any CPU
		{9AD8BE3A-E121-48AB-9D53-31C54F8EEBF8}.Release|Any CPU.ActiveCfg = Release|Any CPU
		{9AD8BE3A-E121-48AB-9D53-31C54F8EEBF8}.Release|Any CPU.Build.0 = Release|Any CPU
		{6660B1C4-5DD3-4414-8059-E2A9BC35B20A}.Debug|Any CPU.ActiveCfg = Debug|Any CPU
		{6660B1C4-5DD3-4414-8059-E2A9BC35B20A}.Debug|Any CPU.Build.0 = Debug|Any CPU
		{6660B1C4-5DD3-4414-8059-E2A9BC35B20A}.Release|Any CPU.ActiveCfg = Release|Any CPU
		{6660B1C4-5DD3-4414-8059-E2A9BC35B20A}.Release|Any CPU.Build.0 = Release|Any CPU
		{74B3CB24-FA86-43E5-A38D-9D668B716E8C}.Debug|Any CPU.ActiveCfg = Debug|Any CPU
		{74B3CB24-FA86-43E5-A38D-9D668B716E8C}.Debug|Any CPU.Build.0 = Debug|Any CPU
		{74B3CB24-FA86-43E5-A38D-9D668B716E8C}.Release|Any CPU.ActiveCfg = Release|Any CPU
		{74B3CB24-FA86-43E5-A38D-9D668B716E8C}.Release|Any CPU.Build.0 = Release|Any CPU
	EndGlobalSection
	GlobalSection(SolutionProperties) = preSolution
		HideSolutionNode = FALSE
	EndGlobalSection
	GlobalSection(NestedProjects) = preSolution
		{1C2CD09A-C391-4F12-A6DB-0B169A30F395} = {D65ED5E0-793F-4A5E-AE94-451DAD00D21C}
		{8D539FE6-6D38-448D-8479-4D2A8911AEA1} = {02EA681E-C7D8-13C7-8484-4AC65E1B71E8}
		{9AD8BE3A-E121-48AB-9D53-31C54F8EEBF8} = {02EA681E-C7D8-13C7-8484-4AC65E1B71E8}
		{6660B1C4-5DD3-4414-8059-E2A9BC35B20A} = {64F9E48C-46D2-452C-9A63-C66E489EC7B6}
		{74B3CB24-FA86-43E5-A38D-9D668B716E8C} = {64F9E48C-46D2-452C-9A63-C66E489EC7B6}
	EndGlobalSection
	GlobalSection(ExtensibilityGlobals) = postSolution
		SolutionGuid = {0AFB22B4-AB50-428D-80AB-366094C0CD1E}
	EndGlobalSection
EndGlobal
